
Microsoft Visual Studio Solution File, Format Version 12.00
# Visual Studio Version 17
VisualStudioVersion = 17.8.34322.80
MinimumVisualStudioVersion = 10.0.40219.1
Project("{9A19103F-16F7-4668-BE54-9A1E7A4F7556}") = "Service", "Service\Service.csproj", "{F5C432B5-A2F0-499B-ADEF-2418D6F0C6A4}"
EndProject
Project("{9A19103F-16F7-4668-BE54-9A1E7A4F7556}") = "IntegrationTests", "..\Tests\IntegrationTests\IntegrationTests.csproj", "{614F8C5B-39E2-408E-8BF4-CF36A6386D0A}"
EndProject
Project("{2150E333-8FDC-42A3-9474-1A3956D46DE8}") = "Tests", "Tests", "{D365C021-150F-40D2-B1F0-A1B762D52756}"
EndProject
Project("{9A19103F-16F7-4668-BE54-9A1E7A4F7556}") = "ServiceUnitTests", "..\Tests\ServiceUnitTests\ServiceUnitTests.csproj", "{F505957B-93E1-4822-BB2E-669CFAD12FBC}"
EndProject
Project("{2150E333-8FDC-42A3-9474-1A3956D46DE8}") = ".SolutionItems", ".SolutionItems", "{8DFBF877-8AF1-405F-8CDA-3BE60C1B5E43}"
	ProjectSection(SolutionItems) = preProject
		..\.gitignore = ..\.gitignore
		..\LICENSE = ..\LICENSE
		..\README.md = ..\README.md
	EndProjectSection
EndProject
Global
	GlobalSection(SolutionConfigurationPlatforms) = preSolution
		Debug|Any CPU = Debug|Any CPU
		Release|Any CPU = Release|Any CPU
	EndGlobalSection
	GlobalSection(ProjectConfigurationPlatforms) = postSolution
		{F5C432B5-A2F0-499B-ADEF-2418D6F0C6A4}.Debug|Any CPU.ActiveCfg = Debug|Any CPU
		{F5C432B5-A2F0-499B-ADEF-2418D6F0C6A4}.Debug|Any CPU.Build.0 = Debug|Any CPU
		{F5C432B5-A2F0-499B-ADEF-2418D6F0C6A4}.Release|Any CPU.ActiveCfg = Release|Any CPU
		{F5C432B5-A2F0-499B-ADEF-2418D6F0C6A4}.Release|Any CPU.Build.0 = Release|Any CPU
		{614F8C5B-39E2-408E-8BF4-CF36A6386D0A}.Debug|Any CPU.ActiveCfg = Debug|Any CPU
		{614F8C5B-39E2-408E-8BF4-CF36A6386D0A}.Debug|Any CPU.Build.0 = Debug|Any CPU
		{614F8C5B-39E2-408E-8BF4-CF36A6386D0A}.Release|Any CPU.ActiveCfg = Release|Any CPU
		{614F8C5B-39E2-408E-8BF4-CF36A6386D0A}.Release|Any CPU.Build.0 = Release|Any CPU
		{F505957B-93E1-4822-BB2E-669CFAD12FBC}.Debug|Any CPU.ActiveCfg = Debug|Any CPU
		{F505957B-93E1-4822-BB2E-669CFAD12FBC}.Debug|Any CPU.Build.0 = Debug|Any CPU
		{F505957B-93E1-4822-BB2E-669CFAD12FBC}.Release|Any CPU.ActiveCfg = Release|Any CPU
		{F505957B-93E1-4822-BB2E-669CFAD12FBC}.Release|Any CPU.Build.0 = Release|Any CPU
	EndGlobalSection
	GlobalSection(SolutionProperties) = preSolution
		HideSolutionNode = FALSE
	EndGlobalSection
	GlobalSection(NestedProjects) = preSolution
		{614F8C5B-39E2-408E-8BF4-CF36A6386D0A} = {D365C021-150F-40D2-B1F0-A1B762D52756}
		{F505957B-93E1-4822-BB2E-669CFAD12FBC} = {D365C021-150F-40D2-B1F0-A1B762D52756}
	EndGlobalSection
	GlobalSection(ExtensibilityGlobals) = postSolution
		SolutionGuid = {22C4C6E4-9BBB-48A4-AE99-B3EC4C81F1FE}
	EndGlobalSection
EndGlobal
